
Microsoft Visual Studio Solution File, Format Version 12.00
# Visual Studio Version 16
VisualStudioVersion = 16.0.29123.89
MinimumVisualStudioVersion = 10.0.40219.1
Project("{FAE04EC0-301F-11D3-BF4B-00C04F79EFBC}") = "Reduce", "Reduce\Reduce.csproj", "{F75DF99A-5D5E-42C7-8F42-EC7307B3E566}"
EndProject
Global
	GlobalSection(SolutionConfigurationPlatforms) = preSolution
		Debug|Any CPU = Debug|Any CPU
		Release|Any CPU = Release|Any CPU
	EndGlobalSection
	GlobalSection(ProjectConfigurationPlatforms) = postSolution
		{F75DF99A-5D5E-42C7-8F42-EC7307B3E566}.Debug|Any CPU.ActiveCfg = Debug|Any CPU
		{F75DF99A-5D5E-42C7-8F42-EC7307B3E566}.Debug|Any CPU.Build.0 = Debug|Any CPU
		{F75DF99A-5D5E-42C7-8F42-EC7307B3E566}.Release|Any CPU.ActiveCfg = Release|Any CPU
		{F75DF99A-5D5E-42C7-8F42-EC7307B3E566}.Release|Any CPU.Build.0 = Release|Any CPU
	EndGlobalSection
	GlobalSection(SolutionProperties) = preSolution
		HideSolutionNode = FALSE
	EndGlobalSection
	GlobalSection(ExtensibilityGlobals) = postSolution
		SolutionGuid = {E1A38381-F4DB-4F40-943C-21417CEED752}
	EndGlobalSection
EndGlobal
